
Microsoft Visual Studio Solution File, Format Version 12.00
# Visual Studio Version 16
VisualStudioVersion = 16.0.30804.86
MinimumVisualStudioVersion = 10.0.40219.1
Project("{FAE04EC0-301F-11D3-BF4B-00C04F79EFBC}") = "ClassMetotDemo", "ClassMetotDemo\ClassMetotDemo.csproj", "{1681290D-29B2-4E85-B141-A9F640A92A50}"
EndProject
Global
	GlobalSection(SolutionConfigurationPlatforms) = preSolution
		Debug|Any CPU = Debug|Any CPU
		Release|Any CPU = Release|Any CPU
	EndGlobalSection
	GlobalSection(ProjectConfigurationPlatforms) = postSolution
		{1681290D-29B2-4E85-B141-A9F640A92A50}.Debug|Any CPU.ActiveCfg = Debug|Any CPU
		{1681290D-29B2-4E85-B141-A9F640A92A50}.Debug|Any CPU.Build.0 = Debug|Any CPU
		{1681290D-29B2-4E85-B141-A9F640A92A50}.Release|Any CPU.ActiveCfg = Release|Any CPU
		{1681290D-29B2-4E85-B141-A9F640A92A50}.Release|Any CPU.Build.0 = Release|Any CPU
	EndGlobalSection
	GlobalSection(SolutionProperties) = preSolution
		HideSolutionNode = FALSE
	EndGlobalSection
	GlobalSection(ExtensibilityGlobals) = postSolution
		SolutionGuid = {464BE188-BA12-4FFD-9F56-62037E141F35}
	EndGlobalSection
EndGlobal
